
Microsoft Visual Studio Solution File, Format Version 12.00
# Visual Studio Version 16
VisualStudioVersion = 16.0.31025.194
MinimumVisualStudioVersion = 10.0.40219.1
Project("{9A19103F-16F7-4668-BE54-9A1E7A4F7556}") = "Dictionary", "Dictionary\Dictionary.csproj", "{2ABE50B8-4574-4F3D-A6AB-7EDC99461469}"
EndProject
Project("{9A19103F-16F7-4668-BE54-9A1E7A4F7556}") = "List", "List\List.csproj", "{CD5D3E7F-13C9-4763-BD69-39BA16609776}"
EndProject
Project("{9A19103F-16F7-4668-BE54-9A1E7A4F7556}") = "Array", "Array\Array.csproj", "{F1E82334-C385-406A-8516-24D4A39BE799}"
EndProject
Project("{FAE04EC0-301F-11D3-BF4B-00C04F79EFBC}") = "FileReading", "FileReading\FileReading.csproj", "{BBA61568-92DC-4B4F-9DE3-4731ED749847}"
EndProject
Global
	GlobalSection(SolutionConfigurationPlatforms) = preSolution
		Debug|Any CPU = Debug|Any CPU
		Release|Any CPU = Release|Any CPU
	EndGlobalSection
	GlobalSection(ProjectConfigurationPlatforms) = postSolution
		{2ABE50B8-4574-4F3D-A6AB-7EDC99461469}.Debug|Any CPU.ActiveCfg = Debug|Any CPU
		{2ABE50B8-4574-4F3D-A6AB-7EDC99461469}.Debug|Any CPU.Build.0 = Debug|Any CPU
		{2ABE50B8-4574-4F3D-A6AB-7EDC99461469}.Release|Any CPU.ActiveCfg = Release|Any CPU
		{2ABE50B8-4574-4F3D-A6AB-7EDC99461469}.Release|Any CPU.Build.0 = Release|Any CPU
		{CD5D3E7F-13C9-4763-BD69-39BA16609776}.Debug|Any CPU.ActiveCfg = Debug|Any CPU
		{CD5D3E7F-13C9-4763-BD69-39BA16609776}.Debug|Any CPU.Build.0 = Debug|Any CPU
		{CD5D3E7F-13C9-4763-BD69-39BA16609776}.Release|Any CPU.ActiveCfg = Release|Any CPU
		{CD5D3E7F-13C9-4763-BD69-39BA16609776}.Release|Any CPU.Build.0 = Release|Any CPU
		{F1E82334-C385-406A-8516-24D4A39BE799}.Debug|Any CPU.ActiveCfg = Debug|Any CPU
		{F1E82334-C385-406A-8516-24D4A39BE799}.Debug|Any CPU.Build.0 = Debug|Any CPU
		{F1E82334-C385-406A-8516-24D4A39BE799}.Release|Any CPU.ActiveCfg = Release|Any CPU
		{F1E82334-C385-406A-8516-24D4A39BE799}.Release|Any CPU.Build.0 = Release|Any CPU
		{BBA61568-92DC-4B4F-9DE3-4731ED749847}.Debug|Any CPU.ActiveCfg = Debug|Any CPU
		{BBA61568-92DC-4B4F-9DE3-4731ED749847}.Debug|Any CPU.Build.0 = Debug|Any CPU
		{BBA61568-92DC-4B4F-9DE3-4731ED749847}.Release|Any CPU.ActiveCfg = Release|Any CPU
		{BBA61568-92DC-4B4F-9DE3-4731ED749847}.Release|Any CPU.Build.0 = Release|Any CPU
	EndGlobalSection
	GlobalSection(SolutionProperties) = preSolution
		HideSolutionNode = FALSE
	EndGlobalSection
	GlobalSection(ExtensibilityGlobals) = postSolution
		SolutionGuid = {B8AB8C32-8F3F-4BB0-BD2A-A9C02F08DF77}
	EndGlobalSection
EndGlobal
